// ConsoleApplication1.cpp : This file contains the 'main' function. Program execution begins and ends there.
//

#include <iostream>


int main()
{
    //codigo;

    //codigo2;
    
    //codigo3;
}

void codigo() {

    int a = 1;
    int b = 2;

    double resultado = (a / b) + 1;
    std::cout << "el resultado es " << resultado << std::endl;



}

void codigo2() {

    int a = 1;
    int b = 2;
    int c = 3;
    int d = 4;

    double resultado = (a / b)/(c + d ) ;
    std::cout << "el resultado es " << resultado << std::endl;



}

void codigo3() {

    n1 = 120;
    n2 = 300;

    double suma = n1 +n2;
    std::cout << "el resultado de la suma es  " << suma << std::endl;
    double resta = n1 - n2;
    std::cout << "el resultado de la resta es  " << resta << std::endl;
    double multiplicacion = n1 * n2;
    std::cout << "el resultado de la resta es  " << multiplicacion << std::endl;
    double division = n1 / n2;
    std::cout << "el resultado de la resta es  " << division << std::endl;



}

void codigo4() {
    p = 7500
        double pconIVA = p * 0.14;
    std::cout << "el resultado del precio con IVA es  " << pconIVA << std::endl;
}
