
Microsoft Visual Studio Solution File, Format Version 12.00
# Visual Studio Version 17
VisualStudioVersion = 17.8.34511.84
MinimumVisualStudioVersion = 10.0.40219.1
Project("{8BC9CEB8-8B4A-11D0-8D11-00A0C91BC942}") = "Ejercicio4Tarea", "Ejercicio4Tarea\Ejercicio4Tarea.vcxproj", "{4ED70162-1C74-43A5-A63C-FB7842FA2D20}"
EndProject
Global
	GlobalSection(SolutionConfigurationPlatforms) = preSolution
		Debug|x64 = Debug|x64
		Debug|x86 = Debug|x86
		Release|x64 = Release|x64
		Release|x86 = Release|x86
	EndGlobalSection
	GlobalSection(ProjectConfigurationPlatforms) = postSolution
		{4ED70162-1C74-43A5-A63C-FB7842FA2D20}.Debug|x64.ActiveCfg = Debug|x64
		{4ED70162-1C74-43A5-A63C-FB7842FA2D20}.Debug|x64.Build.0 = Debug|x64
		{4ED70162-1C74-43A5-A63C-FB7842FA2D20}.Debug|x86.ActiveCfg = Debug|Win32
		{4ED70162-1C74-43A5-A63C-FB7842FA2D20}.Debug|x86.Build.0 = Debug|Win32
		{4ED70162-1C74-43A5-A63C-FB7842FA2D20}.Release|x64.ActiveCfg = Release|x64
		{4ED70162-1C74-43A5-A63C-FB7842FA2D20}.Release|x64.Build.0 = Release|x64
		{4ED70162-1C74-43A5-A63C-FB7842FA2D20}.Release|x86.ActiveCfg = Release|Win32
		{4ED70162-1C74-43A5-A63C-FB7842FA2D20}.Release|x86.Build.0 = Release|Win32
	EndGlobalSection
	GlobalSection(SolutionProperties) = preSolution
		HideSolutionNode = FALSE
	EndGlobalSection
	GlobalSection(ExtensibilityGlobals) = postSolution
		SolutionGuid = {F661F357-14A9-4B3F-86C9-DBE30A9172C8}
	EndGlobalSection
EndGlobal
